
Microsoft Visual Studio Solution File, Format Version 12.00
# Visual Studio Version 16
VisualStudioVersion = 16.0.30717.126
MinimumVisualStudioVersion = 10.0.40219.1
Project("{FAE04EC0-301F-11D3-BF4B-00C04F79EFBC}") = "httplistener", "httplistener.csproj", "{ECC2521D-2E91-4C9A-A13B-47536532DD65}"
EndProject
Global
	GlobalSection(SolutionConfigurationPlatforms) = preSolution
		Debug|Any CPU = Debug|Any CPU
		Debug|x64 = Debug|x64
		Release|Any CPU = Release|Any CPU
		Release|x64 = Release|x64
	EndGlobalSection
	GlobalSection(ProjectConfigurationPlatforms) = postSolution
		{ECC2521D-2E91-4C9A-A13B-47536532DD65}.Debug|Any CPU.ActiveCfg = Debug|Any CPU
		{ECC2521D-2E91-4C9A-A13B-47536532DD65}.Debug|Any CPU.Build.0 = Debug|Any CPU
		{ECC2521D-2E91-4C9A-A13B-47536532DD65}.Debug|x64.ActiveCfg = Debug|x64
		{ECC2521D-2E91-4C9A-A13B-47536532DD65}.Debug|x64.Build.0 = Debug|x64
		{ECC2521D-2E91-4C9A-A13B-47536532DD65}.Release|Any CPU.ActiveCfg = Release|Any CPU
		{ECC2521D-2E91-4C9A-A13B-47536532DD65}.Release|Any CPU.Build.0 = Release|Any CPU
		{ECC2521D-2E91-4C9A-A13B-47536532DD65}.Release|x64.ActiveCfg = Release|x64
		{ECC2521D-2E91-4C9A-A13B-47536532DD65}.Release|x64.Build.0 = Release|x64
	EndGlobalSection
	GlobalSection(SolutionProperties) = preSolution
		HideSolutionNode = FALSE
	EndGlobalSection
	GlobalSection(ExtensibilityGlobals) = postSolution
		SolutionGuid = {F51EE7CC-F577-4C90-8728-C0FE0FB57733}
	EndGlobalSection
EndGlobal
